
Microsoft Visual Studio Solution File, Format Version 12.00
# Visual Studio Version 16
VisualStudioVersion = 16.0.30717.126
MinimumVisualStudioVersion = 10.0.40219.1
Project("{FAE04EC0-301F-11D3-BF4B-00C04F79EFBC}") = "WFControl7.5", "WFControl7.5.csproj", "{4E95F819-380B-4A8A-AC9E-4E3821A1CC1C}"
EndProject
Global
	GlobalSection(SolutionConfigurationPlatforms) = preSolution
		Debug|Any CPU = Debug|Any CPU
		Release|Any CPU = Release|Any CPU
	EndGlobalSection
	GlobalSection(ProjectConfigurationPlatforms) = postSolution
		{4E95F819-380B-4A8A-AC9E-4E3821A1CC1C}.Debug|Any CPU.ActiveCfg = Debug|Any CPU
		{4E95F819-380B-4A8A-AC9E-4E3821A1CC1C}.Debug|Any CPU.Build.0 = Debug|Any CPU
		{4E95F819-380B-4A8A-AC9E-4E3821A1CC1C}.Release|Any CPU.ActiveCfg = Release|Any CPU
		{4E95F819-380B-4A8A-AC9E-4E3821A1CC1C}.Release|Any CPU.Build.0 = Release|Any CPU
	EndGlobalSection
	GlobalSection(SolutionProperties) = preSolution
		HideSolutionNode = FALSE
	EndGlobalSection
	GlobalSection(ExtensibilityGlobals) = postSolution
		SolutionGuid = {7E79C562-474D-4790-B651-E63FA0CF214C}
	EndGlobalSection
EndGlobal
